
Microsoft Visual Studio Solution File, Format Version 12.00
# Visual Studio Version 16
VisualStudioVersion = 16.0.808.7
MinimumVisualStudioVersion = 10.0.40219.1
Project("{FAE04EC0-301F-11D3-BF4B-00C04F79EFBC}") = "OperationExercise", "OperationExercise\OperationExercise.csproj", "{CF85C793-82A6-4110-9380-0F0CE46C495A}"
EndProject
Global
	GlobalSection(SolutionConfigurationPlatforms) = preSolution
		Debug|Any CPU = Debug|Any CPU
		Release|Any CPU = Release|Any CPU
	EndGlobalSection
	GlobalSection(ProjectConfigurationPlatforms) = postSolution
		{CF85C793-82A6-4110-9380-0F0CE46C495A}.Debug|Any CPU.ActiveCfg = Debug|Any CPU
		{CF85C793-82A6-4110-9380-0F0CE46C495A}.Debug|Any CPU.Build.0 = Debug|Any CPU
		{CF85C793-82A6-4110-9380-0F0CE46C495A}.Release|Any CPU.ActiveCfg = Release|Any CPU
		{CF85C793-82A6-4110-9380-0F0CE46C495A}.Release|Any CPU.Build.0 = Release|Any CPU
	EndGlobalSection
	GlobalSection(SolutionProperties) = preSolution
		HideSolutionNode = FALSE
	EndGlobalSection
	GlobalSection(ExtensibilityGlobals) = postSolution
		SolutionGuid = {E3BDF23E-58A5-4CF1-9A52-EE8E239CB0EB}
	EndGlobalSection
EndGlobal
